
Microsoft Visual Studio Solution File, Format Version 12.00
# Visual Studio Version 17
VisualStudioVersion = 17.7.34024.191
MinimumVisualStudioVersion = 10.0.40219.1
Project("{9A19103F-16F7-4668-BE54-9A1E7A4F7556}") = "W3Resouce opgaver", "W3Resouce opgaver\W3Resouce opgaver.csproj", "{6C5CAE30-07AC-40F5-ABB9-18588B3E6D6A}"
EndProject
Global
	GlobalSection(SolutionConfigurationPlatforms) = preSolution
		Debug|Any CPU = Debug|Any CPU
		Release|Any CPU = Release|Any CPU
	EndGlobalSection
	GlobalSection(ProjectConfigurationPlatforms) = postSolution
		{6C5CAE30-07AC-40F5-ABB9-18588B3E6D6A}.Debug|Any CPU.ActiveCfg = Debug|Any CPU
		{6C5CAE30-07AC-40F5-ABB9-18588B3E6D6A}.Debug|Any CPU.Build.0 = Debug|Any CPU
		{6C5CAE30-07AC-40F5-ABB9-18588B3E6D6A}.Release|Any CPU.ActiveCfg = Release|Any CPU
		{6C5CAE30-07AC-40F5-ABB9-18588B3E6D6A}.Release|Any CPU.Build.0 = Release|Any CPU
	EndGlobalSection
	GlobalSection(SolutionProperties) = preSolution
		HideSolutionNode = FALSE
	EndGlobalSection
	GlobalSection(ExtensibilityGlobals) = postSolution
		SolutionGuid = {149B1DE0-6DE3-424D-861E-FCF36AA529C7}
	EndGlobalSection
EndGlobal
