
Microsoft Visual Studio Solution File, Format Version 12.00
# Visual Studio Version 17
VisualStudioVersion = 17.7.34024.191
MinimumVisualStudioVersion = 10.0.40219.1
Project("{FAE04EC0-301F-11D3-BF4B-00C04F79EFBC}") = "CustomExceptionHandling", "CustomExceptionHandling\CustomExceptionHandling.csproj", "{5185E62E-EC31-4EB7-9393-61BB48C4016B}"
EndProject
Project("{FAE04EC0-301F-11D3-BF4B-00C04F79EFBC}") = "TotallySafeLib", "TotallySafeLib\TotallySafeLib.csproj", "{32A0EDB3-3F73-49F1-A5D4-54C455BF0770}"
EndProject
Global
	GlobalSection(SolutionConfigurationPlatforms) = preSolution
		Debug|Any CPU = Debug|Any CPU
		Release|Any CPU = Release|Any CPU
	EndGlobalSection
	GlobalSection(ProjectConfigurationPlatforms) = postSolution
		{5185E62E-EC31-4EB7-9393-61BB48C4016B}.Debug|Any CPU.ActiveCfg = Debug|Any CPU
		{5185E62E-EC31-4EB7-9393-61BB48C4016B}.Debug|Any CPU.Build.0 = Debug|Any CPU
		{5185E62E-EC31-4EB7-9393-61BB48C4016B}.Release|Any CPU.ActiveCfg = Release|Any CPU
		{5185E62E-EC31-4EB7-9393-61BB48C4016B}.Release|Any CPU.Build.0 = Release|Any CPU
		{32A0EDB3-3F73-49F1-A5D4-54C455BF0770}.Debug|Any CPU.ActiveCfg = Debug|Any CPU
		{32A0EDB3-3F73-49F1-A5D4-54C455BF0770}.Debug|Any CPU.Build.0 = Debug|Any CPU
		{32A0EDB3-3F73-49F1-A5D4-54C455BF0770}.Release|Any CPU.ActiveCfg = Release|Any CPU
		{32A0EDB3-3F73-49F1-A5D4-54C455BF0770}.Release|Any CPU.Build.0 = Release|Any CPU
	EndGlobalSection
	GlobalSection(SolutionProperties) = preSolution
		HideSolutionNode = FALSE
	EndGlobalSection
	GlobalSection(ExtensibilityGlobals) = postSolution
		SolutionGuid = {0882E727-F4ED-410C-907D-88F8C700DB24}
	EndGlobalSection
EndGlobal
