
Microsoft Visual Studio Solution File, Format Version 12.00
# Visual Studio Version 17
VisualStudioVersion = 17.9.34728.123
MinimumVisualStudioVersion = 10.0.40219.1
Project("{FAE04EC0-301F-11D3-BF4B-00C04F79EFBC}") = "BankAPI1", "BankAPI1.csproj", "{3D643152-241A-4EEE-80B6-4AB5A547399B}"
EndProject
Global
	GlobalSection(SolutionConfigurationPlatforms) = preSolution
		Debug|Any CPU = Debug|Any CPU
		Release|Any CPU = Release|Any CPU
	EndGlobalSection
	GlobalSection(ProjectConfigurationPlatforms) = postSolution
		{3D643152-241A-4EEE-80B6-4AB5A547399B}.Debug|Any CPU.ActiveCfg = Debug|Any CPU
		{3D643152-241A-4EEE-80B6-4AB5A547399B}.Debug|Any CPU.Build.0 = Debug|Any CPU
		{3D643152-241A-4EEE-80B6-4AB5A547399B}.Release|Any CPU.ActiveCfg = Release|Any CPU
		{3D643152-241A-4EEE-80B6-4AB5A547399B}.Release|Any CPU.Build.0 = Release|Any CPU
	EndGlobalSection
	GlobalSection(SolutionProperties) = preSolution
		HideSolutionNode = FALSE
	EndGlobalSection
	GlobalSection(ExtensibilityGlobals) = postSolution
		SolutionGuid = {91C189D9-3BB1-4952-8BF8-73A1DB66BEC9}
	EndGlobalSection
EndGlobal
