
Microsoft Visual Studio Solution File, Format Version 12.00
# Visual Studio Version 17
VisualStudioVersion = 17.8.34525.116
MinimumVisualStudioVersion = 10.0.40219.1
Project("{FAE04EC0-301F-11D3-BF4B-00C04F79EFBC}") = "Scheduling", "Scheduling\Scheduling.csproj", "{34471399-FEB6-439A-A8CF-154A2D6475AE}"
EndProject
Project("{FAE04EC0-301F-11D3-BF4B-00C04F79EFBC}") = "SchedulingTest", "SchedulingTest\SchedulingTest.csproj", "{A7891414-AD51-42D1-A35C-E93D045A3CE7}"
EndProject
Global
	GlobalSection(SolutionConfigurationPlatforms) = preSolution
		Debug|Any CPU = Debug|Any CPU
		Release|Any CPU = Release|Any CPU
	EndGlobalSection
	GlobalSection(ProjectConfigurationPlatforms) = postSolution
		{34471399-FEB6-439A-A8CF-154A2D6475AE}.Debug|Any CPU.ActiveCfg = Debug|Any CPU
		{34471399-FEB6-439A-A8CF-154A2D6475AE}.Debug|Any CPU.Build.0 = Debug|Any CPU
		{34471399-FEB6-439A-A8CF-154A2D6475AE}.Release|Any CPU.ActiveCfg = Release|Any CPU
		{34471399-FEB6-439A-A8CF-154A2D6475AE}.Release|Any CPU.Build.0 = Release|Any CPU
		{A7891414-AD51-42D1-A35C-E93D045A3CE7}.Debug|Any CPU.ActiveCfg = Debug|Any CPU
		{A7891414-AD51-42D1-A35C-E93D045A3CE7}.Debug|Any CPU.Build.0 = Debug|Any CPU
		{A7891414-AD51-42D1-A35C-E93D045A3CE7}.Release|Any CPU.ActiveCfg = Release|Any CPU
		{A7891414-AD51-42D1-A35C-E93D045A3CE7}.Release|Any CPU.Build.0 = Release|Any CPU
	EndGlobalSection
	GlobalSection(SolutionProperties) = preSolution
		HideSolutionNode = FALSE
	EndGlobalSection
	GlobalSection(ExtensibilityGlobals) = postSolution
		SolutionGuid = {FE0FB018-6F62-487D-AD45-4A7977DF17AB}
	EndGlobalSection
EndGlobal
