
Microsoft Visual Studio Solution File, Format Version 12.00
# Visual Studio Version 17
VisualStudioVersion = 17.7.34024.191
MinimumVisualStudioVersion = 10.0.40219.1
Project("{FAE04EC0-301F-11D3-BF4B-00C04F79EFBC}") = "SimpleCalculator", "SimpleCalculator\SimpleCalculator.csproj", "{5089DD00-3EB3-4B55-8BC4-3B5D558ED627}"
EndProject
Global
	GlobalSection(SolutionConfigurationPlatforms) = preSolution
		Debug|Any CPU = Debug|Any CPU
		Release|Any CPU = Release|Any CPU
	EndGlobalSection
	GlobalSection(ProjectConfigurationPlatforms) = postSolution
		{5089DD00-3EB3-4B55-8BC4-3B5D558ED627}.Debug|Any CPU.ActiveCfg = Debug|Any CPU
		{5089DD00-3EB3-4B55-8BC4-3B5D558ED627}.Debug|Any CPU.Build.0 = Debug|Any CPU
		{5089DD00-3EB3-4B55-8BC4-3B5D558ED627}.Release|Any CPU.ActiveCfg = Release|Any CPU
		{5089DD00-3EB3-4B55-8BC4-3B5D558ED627}.Release|Any CPU.Build.0 = Release|Any CPU
	EndGlobalSection
	GlobalSection(SolutionProperties) = preSolution
		HideSolutionNode = FALSE
	EndGlobalSection
	GlobalSection(ExtensibilityGlobals) = postSolution
		SolutionGuid = {03C61D9F-CD2E-48D1-A1A6-1CC26E3EB125}
	EndGlobalSection
EndGlobal
