
Microsoft Visual Studio Solution File, Format Version 12.00
# Visual Studio Version 17
VisualStudioVersion = 17.7.34024.191
MinimumVisualStudioVersion = 10.0.40219.1
Project("{FAE04EC0-301F-11D3-BF4B-00C04F79EFBC}") = "Pr30_WPFCommandBinding", "Pr30_WPFCommandBinding\Pr30_WPFCommandBinding.csproj", "{6AA55912-5A9E-4542-8846-EC0FB5E73BBB}"
EndProject
Global
	GlobalSection(SolutionConfigurationPlatforms) = preSolution
		Debug|Any CPU = Debug|Any CPU
		Release|Any CPU = Release|Any CPU
	EndGlobalSection
	GlobalSection(ProjectConfigurationPlatforms) = postSolution
		{6AA55912-5A9E-4542-8846-EC0FB5E73BBB}.Debug|Any CPU.ActiveCfg = Debug|Any CPU
		{6AA55912-5A9E-4542-8846-EC0FB5E73BBB}.Debug|Any CPU.Build.0 = Debug|Any CPU
		{6AA55912-5A9E-4542-8846-EC0FB5E73BBB}.Release|Any CPU.ActiveCfg = Release|Any CPU
		{6AA55912-5A9E-4542-8846-EC0FB5E73BBB}.Release|Any CPU.Build.0 = Release|Any CPU
	EndGlobalSection
	GlobalSection(SolutionProperties) = preSolution
		HideSolutionNode = FALSE
	EndGlobalSection
	GlobalSection(ExtensibilityGlobals) = postSolution
		SolutionGuid = {70377888-A361-4A58-9F0A-B231D974B240}
	EndGlobalSection
EndGlobal
