
Microsoft Visual Studio Solution File, Format Version 12.00
# Visual Studio Version 17
VisualStudioVersion = 17.9.34728.123
MinimumVisualStudioVersion = 10.0.40219.1
Project("{FAE04EC0-301F-11D3-BF4B-00C04F79EFBC}") = "API 26-09-204", "API 26-09-204\API 26-09-204.csproj", "{D1C22549-05B5-4228-BA3F-BAA999B24202}"
EndProject
Global
	GlobalSection(SolutionConfigurationPlatforms) = preSolution
		Debug|Any CPU = Debug|Any CPU
		Release|Any CPU = Release|Any CPU
	EndGlobalSection
	GlobalSection(ProjectConfigurationPlatforms) = postSolution
		{D1C22549-05B5-4228-BA3F-BAA999B24202}.Debug|Any CPU.ActiveCfg = Debug|Any CPU
		{D1C22549-05B5-4228-BA3F-BAA999B24202}.Debug|Any CPU.Build.0 = Debug|Any CPU
		{D1C22549-05B5-4228-BA3F-BAA999B24202}.Release|Any CPU.ActiveCfg = Release|Any CPU
		{D1C22549-05B5-4228-BA3F-BAA999B24202}.Release|Any CPU.Build.0 = Release|Any CPU
	EndGlobalSection
	GlobalSection(SolutionProperties) = preSolution
		HideSolutionNode = FALSE
	EndGlobalSection
	GlobalSection(ExtensibilityGlobals) = postSolution
		SolutionGuid = {3EDC39B7-1B5D-4DA6-B237-F6DBFA3ED4C3}
	EndGlobalSection
EndGlobal
