
Microsoft Visual Studio Solution File, Format Version 12.00
# Visual Studio Version 17
VisualStudioVersion = 17.7.34024.191
MinimumVisualStudioVersion = 10.0.40219.1
Project("{9A19103F-16F7-4668-BE54-9A1E7A4F7556}") = "Pr32_ObserverPattern", "Pr32_ObserverPattern\Pr32_ObserverPattern.csproj", "{FC5486A5-D6CF-45B4-8D2E-1D3977247BE7}"
EndProject
Project("{9A19103F-16F7-4668-BE54-9A1E7A4F7556}") = "MSTest Test Project", "MSTest Test Project\MSTest Test Project.csproj", "{3F62D33F-C1A3-4FD0-9A03-72614011F2D0}"
EndProject
Global
	GlobalSection(SolutionConfigurationPlatforms) = preSolution
		Debug|Any CPU = Debug|Any CPU
		Release|Any CPU = Release|Any CPU
	EndGlobalSection
	GlobalSection(ProjectConfigurationPlatforms) = postSolution
		{FC5486A5-D6CF-45B4-8D2E-1D3977247BE7}.Debug|Any CPU.ActiveCfg = Debug|Any CPU
		{FC5486A5-D6CF-45B4-8D2E-1D3977247BE7}.Debug|Any CPU.Build.0 = Debug|Any CPU
		{FC5486A5-D6CF-45B4-8D2E-1D3977247BE7}.Release|Any CPU.ActiveCfg = Release|Any CPU
		{FC5486A5-D6CF-45B4-8D2E-1D3977247BE7}.Release|Any CPU.Build.0 = Release|Any CPU
		{3F62D33F-C1A3-4FD0-9A03-72614011F2D0}.Debug|Any CPU.ActiveCfg = Debug|Any CPU
		{3F62D33F-C1A3-4FD0-9A03-72614011F2D0}.Debug|Any CPU.Build.0 = Debug|Any CPU
		{3F62D33F-C1A3-4FD0-9A03-72614011F2D0}.Release|Any CPU.ActiveCfg = Release|Any CPU
		{3F62D33F-C1A3-4FD0-9A03-72614011F2D0}.Release|Any CPU.Build.0 = Release|Any CPU
	EndGlobalSection
	GlobalSection(SolutionProperties) = preSolution
		HideSolutionNode = FALSE
	EndGlobalSection
	GlobalSection(ExtensibilityGlobals) = postSolution
		SolutionGuid = {B799F464-69F1-4E55-8F58-DE4A9BBB3DD8}
	EndGlobalSection
EndGlobal
