
Microsoft Visual Studio Solution File, Format Version 12.00
# Visual Studio Version 17
VisualStudioVersion = 17.7.34024.191
MinimumVisualStudioVersion = 10.0.40219.1
Project("{FAE04EC0-301F-11D3-BF4B-00C04F79EFBC}") = "Lommeregner", "Lommeregner\Lommeregner.csproj", "{8990B97D-EA24-4CE1-88C7-6CB60D1D124F}"
EndProject
Global
	GlobalSection(SolutionConfigurationPlatforms) = preSolution
		Debug|Any CPU = Debug|Any CPU
		Release|Any CPU = Release|Any CPU
	EndGlobalSection
	GlobalSection(ProjectConfigurationPlatforms) = postSolution
		{8990B97D-EA24-4CE1-88C7-6CB60D1D124F}.Debug|Any CPU.ActiveCfg = Debug|Any CPU
		{8990B97D-EA24-4CE1-88C7-6CB60D1D124F}.Debug|Any CPU.Build.0 = Debug|Any CPU
		{8990B97D-EA24-4CE1-88C7-6CB60D1D124F}.Release|Any CPU.ActiveCfg = Release|Any CPU
		{8990B97D-EA24-4CE1-88C7-6CB60D1D124F}.Release|Any CPU.Build.0 = Release|Any CPU
	EndGlobalSection
	GlobalSection(SolutionProperties) = preSolution
		HideSolutionNode = FALSE
	EndGlobalSection
	GlobalSection(ExtensibilityGlobals) = postSolution
		SolutionGuid = {65B4E492-92BB-453C-A372-A81D74281A02}
	EndGlobalSection
EndGlobal
