
Microsoft Visual Studio Solution File, Format Version 12.00
# Visual Studio Version 17
VisualStudioVersion = 17.9.34728.123
MinimumVisualStudioVersion = 10.0.40219.1
Project("{FAE04EC0-301F-11D3-BF4B-00C04F79EFBC}") = "Teknologi 19-09-2024", "Teknologi 19-09-2024\Teknologi 19-09-2024.csproj", "{06AC4C4F-1DDF-4059-8D4B-73DFEF749FB3}"
EndProject
Global
	GlobalSection(SolutionConfigurationPlatforms) = preSolution
		Debug|Any CPU = Debug|Any CPU
		Release|Any CPU = Release|Any CPU
	EndGlobalSection
	GlobalSection(ProjectConfigurationPlatforms) = postSolution
		{06AC4C4F-1DDF-4059-8D4B-73DFEF749FB3}.Debug|Any CPU.ActiveCfg = Debug|Any CPU
		{06AC4C4F-1DDF-4059-8D4B-73DFEF749FB3}.Debug|Any CPU.Build.0 = Debug|Any CPU
		{06AC4C4F-1DDF-4059-8D4B-73DFEF749FB3}.Release|Any CPU.ActiveCfg = Release|Any CPU
		{06AC4C4F-1DDF-4059-8D4B-73DFEF749FB3}.Release|Any CPU.Build.0 = Release|Any CPU
	EndGlobalSection
	GlobalSection(SolutionProperties) = preSolution
		HideSolutionNode = FALSE
	EndGlobalSection
	GlobalSection(ExtensibilityGlobals) = postSolution
		SolutionGuid = {AB5618CA-14C1-4F4D-9A08-7F9EC7087586}
	EndGlobalSection
EndGlobal
