
Microsoft Visual Studio Solution File, Format Version 12.00
# Visual Studio Version 17
VisualStudioVersion = 17.7.34024.191
MinimumVisualStudioVersion = 10.0.40219.1
Project("{FAE04EC0-301F-11D3-BF4B-00C04F79EFBC}") = "StreamWriterStreamReader", "StreamWriterStreamReader\StreamWriterStreamReader.csproj", "{EAE1D30B-674A-4650-993A-1979C6C8CC4B}"
EndProject
Global
	GlobalSection(SolutionConfigurationPlatforms) = preSolution
		Debug|Any CPU = Debug|Any CPU
		Release|Any CPU = Release|Any CPU
	EndGlobalSection
	GlobalSection(ProjectConfigurationPlatforms) = postSolution
		{EAE1D30B-674A-4650-993A-1979C6C8CC4B}.Debug|Any CPU.ActiveCfg = Debug|Any CPU
		{EAE1D30B-674A-4650-993A-1979C6C8CC4B}.Debug|Any CPU.Build.0 = Debug|Any CPU
		{EAE1D30B-674A-4650-993A-1979C6C8CC4B}.Release|Any CPU.ActiveCfg = Release|Any CPU
		{EAE1D30B-674A-4650-993A-1979C6C8CC4B}.Release|Any CPU.Build.0 = Release|Any CPU
	EndGlobalSection
	GlobalSection(SolutionProperties) = preSolution
		HideSolutionNode = FALSE
	EndGlobalSection
	GlobalSection(ExtensibilityGlobals) = postSolution
		SolutionGuid = {D4857C64-5C1D-4CC4-A333-FA49A9B818C5}
	EndGlobalSection
EndGlobal
