
Microsoft Visual Studio Solution File, Format Version 12.00
# Visual Studio Version 17
VisualStudioVersion = 17.7.34024.191
MinimumVisualStudioVersion = 10.0.40219.1
Project("{9A19103F-16F7-4668-BE54-9A1E7A4F7556}") = "Disaheim", "Disaheim\Disaheim.csproj", "{09EF682A-4C80-4511-B96B-3018ECEF955C}"
EndProject
Project("{9A19103F-16F7-4668-BE54-9A1E7A4F7556}") = "DisaheimTest", "DisaheimTest\DisaheimTest.csproj", "{6996736E-2B42-4836-854D-2967F9BF1DC7}"
EndProject
Project("{FAE04EC0-301F-11D3-BF4B-00C04F79EFBC}") = "UtilityLib", "UtilityLib\UtilityLib.csproj", "{ABA19854-2C19-4469-8A4C-09E296B44EBB}"
EndProject
Global
	GlobalSection(SolutionConfigurationPlatforms) = preSolution
		Debug|Any CPU = Debug|Any CPU
		Release|Any CPU = Release|Any CPU
	EndGlobalSection
	GlobalSection(ProjectConfigurationPlatforms) = postSolution
		{09EF682A-4C80-4511-B96B-3018ECEF955C}.Debug|Any CPU.ActiveCfg = Debug|Any CPU
		{09EF682A-4C80-4511-B96B-3018ECEF955C}.Debug|Any CPU.Build.0 = Debug|Any CPU
		{09EF682A-4C80-4511-B96B-3018ECEF955C}.Release|Any CPU.ActiveCfg = Release|Any CPU
		{09EF682A-4C80-4511-B96B-3018ECEF955C}.Release|Any CPU.Build.0 = Release|Any CPU
		{6996736E-2B42-4836-854D-2967F9BF1DC7}.Debug|Any CPU.ActiveCfg = Debug|Any CPU
		{6996736E-2B42-4836-854D-2967F9BF1DC7}.Debug|Any CPU.Build.0 = Debug|Any CPU
		{6996736E-2B42-4836-854D-2967F9BF1DC7}.Release|Any CPU.ActiveCfg = Release|Any CPU
		{6996736E-2B42-4836-854D-2967F9BF1DC7}.Release|Any CPU.Build.0 = Release|Any CPU
		{ABA19854-2C19-4469-8A4C-09E296B44EBB}.Debug|Any CPU.ActiveCfg = Debug|Any CPU
		{ABA19854-2C19-4469-8A4C-09E296B44EBB}.Debug|Any CPU.Build.0 = Debug|Any CPU
		{ABA19854-2C19-4469-8A4C-09E296B44EBB}.Release|Any CPU.ActiveCfg = Release|Any CPU
		{ABA19854-2C19-4469-8A4C-09E296B44EBB}.Release|Any CPU.Build.0 = Release|Any CPU
	EndGlobalSection
	GlobalSection(SolutionProperties) = preSolution
		HideSolutionNode = FALSE
	EndGlobalSection
	GlobalSection(ExtensibilityGlobals) = postSolution
		SolutionGuid = {D335270F-7B79-46BF-9AD6-3C99762600F2}
	EndGlobalSection
EndGlobal
