
Microsoft Visual Studio Solution File, Format Version 12.00
# Visual Studio Version 17
VisualStudioVersion = 17.7.34024.191
MinimumVisualStudioVersion = 10.0.40219.1
Project("{FAE04EC0-301F-11D3-BF4B-00C04F79EFBC}") = "Constructors", "Constructors\Constructors.csproj", "{BA25D39A-D08B-4E1C-91F2-69770421D5B5}"
EndProject
Global
	GlobalSection(SolutionConfigurationPlatforms) = preSolution
		Debug|Any CPU = Debug|Any CPU
		Release|Any CPU = Release|Any CPU
	EndGlobalSection
	GlobalSection(ProjectConfigurationPlatforms) = postSolution
		{BA25D39A-D08B-4E1C-91F2-69770421D5B5}.Debug|Any CPU.ActiveCfg = Debug|Any CPU
		{BA25D39A-D08B-4E1C-91F2-69770421D5B5}.Debug|Any CPU.Build.0 = Debug|Any CPU
		{BA25D39A-D08B-4E1C-91F2-69770421D5B5}.Release|Any CPU.ActiveCfg = Release|Any CPU
		{BA25D39A-D08B-4E1C-91F2-69770421D5B5}.Release|Any CPU.Build.0 = Release|Any CPU
	EndGlobalSection
	GlobalSection(SolutionProperties) = preSolution
		HideSolutionNode = FALSE
	EndGlobalSection
	GlobalSection(ExtensibilityGlobals) = postSolution
		SolutionGuid = {7D587A47-D1FD-456E-81F6-7992EF69F6AC}
	EndGlobalSection
EndGlobal
