
Microsoft Visual Studio Solution File, Format Version 12.00
# Visual Studio Version 17
VisualStudioVersion = 17.7.34024.191
MinimumVisualStudioVersion = 10.0.40219.1
Project("{FAE04EC0-301F-11D3-BF4B-00C04F79EFBC}") = "MethodParameters", "MethodParameters\MethodParameters.csproj", "{5A5A51AE-EE8D-49EF-A90C-4DEB3EA270ED}"
EndProject
Global
	GlobalSection(SolutionConfigurationPlatforms) = preSolution
		Debug|Any CPU = Debug|Any CPU
		Release|Any CPU = Release|Any CPU
	EndGlobalSection
	GlobalSection(ProjectConfigurationPlatforms) = postSolution
		{5A5A51AE-EE8D-49EF-A90C-4DEB3EA270ED}.Debug|Any CPU.ActiveCfg = Debug|Any CPU
		{5A5A51AE-EE8D-49EF-A90C-4DEB3EA270ED}.Debug|Any CPU.Build.0 = Debug|Any CPU
		{5A5A51AE-EE8D-49EF-A90C-4DEB3EA270ED}.Release|Any CPU.ActiveCfg = Release|Any CPU
		{5A5A51AE-EE8D-49EF-A90C-4DEB3EA270ED}.Release|Any CPU.Build.0 = Release|Any CPU
	EndGlobalSection
	GlobalSection(SolutionProperties) = preSolution
		HideSolutionNode = FALSE
	EndGlobalSection
	GlobalSection(ExtensibilityGlobals) = postSolution
		SolutionGuid = {811BD1B7-2155-4E2B-BBCF-A61599BED5DD}
	EndGlobalSection
EndGlobal
