
Microsoft Visual Studio Solution File, Format Version 12.00
# Visual Studio Version 17
VisualStudioVersion = 17.7.34024.191
MinimumVisualStudioVersion = 10.0.40219.1
Project("{FAE04EC0-301F-11D3-BF4B-00C04F79EFBC}") = "Lambda.mp4_Jan_Brown", "Lambda.mp4_Jan_Brown\Lambda.mp4_Jan_Brown.csproj", "{90498F1D-F9E4-4D7A-9889-1821EC877886}"
EndProject
Global
	GlobalSection(SolutionConfigurationPlatforms) = preSolution
		Debug|Any CPU = Debug|Any CPU
		Release|Any CPU = Release|Any CPU
	EndGlobalSection
	GlobalSection(ProjectConfigurationPlatforms) = postSolution
		{90498F1D-F9E4-4D7A-9889-1821EC877886}.Debug|Any CPU.ActiveCfg = Debug|Any CPU
		{90498F1D-F9E4-4D7A-9889-1821EC877886}.Debug|Any CPU.Build.0 = Debug|Any CPU
		{90498F1D-F9E4-4D7A-9889-1821EC877886}.Release|Any CPU.ActiveCfg = Release|Any CPU
		{90498F1D-F9E4-4D7A-9889-1821EC877886}.Release|Any CPU.Build.0 = Release|Any CPU
	EndGlobalSection
	GlobalSection(SolutionProperties) = preSolution
		HideSolutionNode = FALSE
	EndGlobalSection
	GlobalSection(ExtensibilityGlobals) = postSolution
		SolutionGuid = {5D0663EF-0685-4DF5-BCEC-EE1FD2973799}
	EndGlobalSection
EndGlobal
