
Microsoft Visual Studio Solution File, Format Version 12.00
# Visual Studio Version 17
VisualStudioVersion = 17.7.34024.191
MinimumVisualStudioVersion = 10.0.40219.1
Project("{FAE04EC0-301F-11D3-BF4B-00C04F79EFBC}") = "SockMerchant", "SockMerchant\SockMerchant.csproj", "{7455393B-7499-4DB5-A865-889B500384E7}"
EndProject
Project("{FAE04EC0-301F-11D3-BF4B-00C04F79EFBC}") = "SockMerchantX", "SockMerchantX\SockMerchantX.csproj", "{0D52FAFD-3096-4911-90FA-6398806890E9}"
EndProject
Global
	GlobalSection(SolutionConfigurationPlatforms) = preSolution
		Debug|Any CPU = Debug|Any CPU
		Release|Any CPU = Release|Any CPU
	EndGlobalSection
	GlobalSection(ProjectConfigurationPlatforms) = postSolution
		{7455393B-7499-4DB5-A865-889B500384E7}.Debug|Any CPU.ActiveCfg = Debug|Any CPU
		{7455393B-7499-4DB5-A865-889B500384E7}.Debug|Any CPU.Build.0 = Debug|Any CPU
		{7455393B-7499-4DB5-A865-889B500384E7}.Release|Any CPU.ActiveCfg = Release|Any CPU
		{7455393B-7499-4DB5-A865-889B500384E7}.Release|Any CPU.Build.0 = Release|Any CPU
		{0D52FAFD-3096-4911-90FA-6398806890E9}.Debug|Any CPU.ActiveCfg = Debug|Any CPU
		{0D52FAFD-3096-4911-90FA-6398806890E9}.Debug|Any CPU.Build.0 = Debug|Any CPU
		{0D52FAFD-3096-4911-90FA-6398806890E9}.Release|Any CPU.ActiveCfg = Release|Any CPU
		{0D52FAFD-3096-4911-90FA-6398806890E9}.Release|Any CPU.Build.0 = Release|Any CPU
	EndGlobalSection
	GlobalSection(SolutionProperties) = preSolution
		HideSolutionNode = FALSE
	EndGlobalSection
	GlobalSection(ExtensibilityGlobals) = postSolution
		SolutionGuid = {CBEF34EC-D98A-41EA-B9E5-C90E78D1D69F}
	EndGlobalSection
EndGlobal
