
Microsoft Visual Studio Solution File, Format Version 12.00
# Visual Studio Version 17
VisualStudioVersion = 17.9.34728.123
MinimumVisualStudioVersion = 10.0.40219.1
Project("{FAE04EC0-301F-11D3-BF4B-00C04F79EFBC}") = "BankAPI2", "BankAPI2.csproj", "{3438C2E7-B28B-461A-97CA-FF222734BF86}"
EndProject
Global
	GlobalSection(SolutionConfigurationPlatforms) = preSolution
		Debug|Any CPU = Debug|Any CPU
		Release|Any CPU = Release|Any CPU
	EndGlobalSection
	GlobalSection(ProjectConfigurationPlatforms) = postSolution
		{3438C2E7-B28B-461A-97CA-FF222734BF86}.Debug|Any CPU.ActiveCfg = Debug|Any CPU
		{3438C2E7-B28B-461A-97CA-FF222734BF86}.Debug|Any CPU.Build.0 = Debug|Any CPU
		{3438C2E7-B28B-461A-97CA-FF222734BF86}.Release|Any CPU.ActiveCfg = Release|Any CPU
		{3438C2E7-B28B-461A-97CA-FF222734BF86}.Release|Any CPU.Build.0 = Release|Any CPU
	EndGlobalSection
	GlobalSection(SolutionProperties) = preSolution
		HideSolutionNode = FALSE
	EndGlobalSection
	GlobalSection(ExtensibilityGlobals) = postSolution
		SolutionGuid = {A7AE8210-932B-4FCF-96D6-BD45B5B59AA1}
	EndGlobalSection
EndGlobal
