
Microsoft Visual Studio Solution File, Format Version 12.00
# Visual Studio Version 17
VisualStudioVersion = 17.7.34024.191
MinimumVisualStudioVersion = 10.0.40219.1
Project("{FAE04EC0-301F-11D3-BF4B-00C04F79EFBC}") = "Inheretance", "Inheretance\Inheretance.csproj", "{C62A5284-4561-4073-A949-EF9CC679811B}"
EndProject
Global
	GlobalSection(SolutionConfigurationPlatforms) = preSolution
		Debug|Any CPU = Debug|Any CPU
		Release|Any CPU = Release|Any CPU
	EndGlobalSection
	GlobalSection(ProjectConfigurationPlatforms) = postSolution
		{C62A5284-4561-4073-A949-EF9CC679811B}.Debug|Any CPU.ActiveCfg = Debug|Any CPU
		{C62A5284-4561-4073-A949-EF9CC679811B}.Debug|Any CPU.Build.0 = Debug|Any CPU
		{C62A5284-4561-4073-A949-EF9CC679811B}.Release|Any CPU.ActiveCfg = Release|Any CPU
		{C62A5284-4561-4073-A949-EF9CC679811B}.Release|Any CPU.Build.0 = Release|Any CPU
	EndGlobalSection
	GlobalSection(SolutionProperties) = preSolution
		HideSolutionNode = FALSE
	EndGlobalSection
	GlobalSection(ExtensibilityGlobals) = postSolution
		SolutionGuid = {6F4148B4-7843-4EF9-8D59-36187FD98082}
	EndGlobalSection
EndGlobal
