
Microsoft Visual Studio Solution File, Format Version 12.00
# Visual Studio Version 17
VisualStudioVersion = 17.7.34024.191
MinimumVisualStudioVersion = 10.0.40219.1
Project("{FAE04EC0-301F-11D3-BF4B-00C04F79EFBC}") = "DoWhileIndexOf", "DoWhileIndexOf\DoWhileIndexOf.csproj", "{4F5AF0D1-C3FC-44A1-9D33-692B09A18DBE}"
EndProject
Global
	GlobalSection(SolutionConfigurationPlatforms) = preSolution
		Debug|Any CPU = Debug|Any CPU
		Release|Any CPU = Release|Any CPU
	EndGlobalSection
	GlobalSection(ProjectConfigurationPlatforms) = postSolution
		{4F5AF0D1-C3FC-44A1-9D33-692B09A18DBE}.Debug|Any CPU.ActiveCfg = Debug|Any CPU
		{4F5AF0D1-C3FC-44A1-9D33-692B09A18DBE}.Debug|Any CPU.Build.0 = Debug|Any CPU
		{4F5AF0D1-C3FC-44A1-9D33-692B09A18DBE}.Release|Any CPU.ActiveCfg = Release|Any CPU
		{4F5AF0D1-C3FC-44A1-9D33-692B09A18DBE}.Release|Any CPU.Build.0 = Release|Any CPU
	EndGlobalSection
	GlobalSection(SolutionProperties) = preSolution
		HideSolutionNode = FALSE
	EndGlobalSection
	GlobalSection(ExtensibilityGlobals) = postSolution
		SolutionGuid = {EEF76939-95A8-4F58-96C5-C66D64B8B035}
	EndGlobalSection
EndGlobal
