
Microsoft Visual Studio Solution File, Format Version 12.00
# Visual Studio Version 17
VisualStudioVersion = 17.9.34728.123
MinimumVisualStudioVersion = 10.0.40219.1
Project("{FAE04EC0-301F-11D3-BF4B-00C04F79EFBC}") = "WeatherForecast", "WeatherForecast\WeatherForecast.csproj", "{4B50D02D-888F-4FBC-9FE0-FCA0CA5CA758}"
EndProject
Global
	GlobalSection(SolutionConfigurationPlatforms) = preSolution
		Debug|Any CPU = Debug|Any CPU
		Release|Any CPU = Release|Any CPU
	EndGlobalSection
	GlobalSection(ProjectConfigurationPlatforms) = postSolution
		{4B50D02D-888F-4FBC-9FE0-FCA0CA5CA758}.Debug|Any CPU.ActiveCfg = Debug|Any CPU
		{4B50D02D-888F-4FBC-9FE0-FCA0CA5CA758}.Debug|Any CPU.Build.0 = Debug|Any CPU
		{4B50D02D-888F-4FBC-9FE0-FCA0CA5CA758}.Release|Any CPU.ActiveCfg = Release|Any CPU
		{4B50D02D-888F-4FBC-9FE0-FCA0CA5CA758}.Release|Any CPU.Build.0 = Release|Any CPU
	EndGlobalSection
	GlobalSection(SolutionProperties) = preSolution
		HideSolutionNode = FALSE
	EndGlobalSection
	GlobalSection(ExtensibilityGlobals) = postSolution
		SolutionGuid = {D9658327-DA52-4130-B973-A7A086309541}
	EndGlobalSection
EndGlobal
