
Microsoft Visual Studio Solution File, Format Version 12.00
# Visual Studio Version 17
VisualStudioVersion = 17.7.34024.191
MinimumVisualStudioVersion = 10.0.40219.1
Project("{FAE04EC0-301F-11D3-BF4B-00C04F79EFBC}") = "Lists", "Lists\Lists.csproj", "{5E5FA3E0-B8EA-495E-862C-2B3A0D32B2B0}"
EndProject
Global
	GlobalSection(SolutionConfigurationPlatforms) = preSolution
		Debug|Any CPU = Debug|Any CPU
		Release|Any CPU = Release|Any CPU
	EndGlobalSection
	GlobalSection(ProjectConfigurationPlatforms) = postSolution
		{5E5FA3E0-B8EA-495E-862C-2B3A0D32B2B0}.Debug|Any CPU.ActiveCfg = Debug|Any CPU
		{5E5FA3E0-B8EA-495E-862C-2B3A0D32B2B0}.Debug|Any CPU.Build.0 = Debug|Any CPU
		{5E5FA3E0-B8EA-495E-862C-2B3A0D32B2B0}.Release|Any CPU.ActiveCfg = Release|Any CPU
		{5E5FA3E0-B8EA-495E-862C-2B3A0D32B2B0}.Release|Any CPU.Build.0 = Release|Any CPU
	EndGlobalSection
	GlobalSection(SolutionProperties) = preSolution
		HideSolutionNode = FALSE
	EndGlobalSection
	GlobalSection(ExtensibilityGlobals) = postSolution
		SolutionGuid = {58F65DF4-FB3A-4C6A-A774-C7856C78C66A}
	EndGlobalSection
EndGlobal
