
Microsoft Visual Studio Solution File, Format Version 12.00
# Visual Studio Version 17
VisualStudioVersion = 17.7.34024.191
MinimumVisualStudioVersion = 10.0.40219.1
Project("{FAE04EC0-301F-11D3-BF4B-00C04F79EFBC}") = "BonusApp", "BonusApp\BonusApp.csproj", "{747A5FC8-2482-4492-8DC1-EAD4B658CF29}"
EndProject
Project("{FAE04EC0-301F-11D3-BF4B-00C04F79EFBC}") = "TestProject1", "TestProject1\TestProject1.csproj", "{477CDB0D-AAE1-40FF-BCF9-09F511D683C2}"
EndProject
Global
	GlobalSection(SolutionConfigurationPlatforms) = preSolution
		Debug|Any CPU = Debug|Any CPU
		Release|Any CPU = Release|Any CPU
	EndGlobalSection
	GlobalSection(ProjectConfigurationPlatforms) = postSolution
		{747A5FC8-2482-4492-8DC1-EAD4B658CF29}.Debug|Any CPU.ActiveCfg = Debug|Any CPU
		{747A5FC8-2482-4492-8DC1-EAD4B658CF29}.Debug|Any CPU.Build.0 = Debug|Any CPU
		{747A5FC8-2482-4492-8DC1-EAD4B658CF29}.Release|Any CPU.ActiveCfg = Release|Any CPU
		{747A5FC8-2482-4492-8DC1-EAD4B658CF29}.Release|Any CPU.Build.0 = Release|Any CPU
		{477CDB0D-AAE1-40FF-BCF9-09F511D683C2}.Debug|Any CPU.ActiveCfg = Debug|Any CPU
		{477CDB0D-AAE1-40FF-BCF9-09F511D683C2}.Debug|Any CPU.Build.0 = Debug|Any CPU
		{477CDB0D-AAE1-40FF-BCF9-09F511D683C2}.Release|Any CPU.ActiveCfg = Release|Any CPU
		{477CDB0D-AAE1-40FF-BCF9-09F511D683C2}.Release|Any CPU.Build.0 = Release|Any CPU
	EndGlobalSection
	GlobalSection(SolutionProperties) = preSolution
		HideSolutionNode = FALSE
	EndGlobalSection
	GlobalSection(ExtensibilityGlobals) = postSolution
		SolutionGuid = {D5F14645-C619-4755-A56F-1D74CCEF4362}
	EndGlobalSection
EndGlobal
