
Microsoft Visual Studio Solution File, Format Version 12.00
# Visual Studio Version 17
VisualStudioVersion = 17.8.34525.116
MinimumVisualStudioVersion = 10.0.40219.1
Project("{FAE04EC0-301F-11D3-BF4B-00C04F79EFBC}") = "Lærervikaren", "Lærervikaren\Lærervikaren.csproj", "{7CC4F124-BB8D-4845-A01E-F084E2253BA8}"
EndProject
Project("{FAE04EC0-301F-11D3-BF4B-00C04F79EFBC}") = "ModelPersistence", "ModelPersistence\ModelPersistence.csproj", "{05EE0836-037A-4C03-9CE4-29F4B62549CA}"
EndProject
Global
	GlobalSection(SolutionConfigurationPlatforms) = preSolution
		Debug|Any CPU = Debug|Any CPU
		Release|Any CPU = Release|Any CPU
	EndGlobalSection
	GlobalSection(ProjectConfigurationPlatforms) = postSolution
		{7CC4F124-BB8D-4845-A01E-F084E2253BA8}.Debug|Any CPU.ActiveCfg = Debug|Any CPU
		{7CC4F124-BB8D-4845-A01E-F084E2253BA8}.Debug|Any CPU.Build.0 = Debug|Any CPU
		{7CC4F124-BB8D-4845-A01E-F084E2253BA8}.Release|Any CPU.ActiveCfg = Release|Any CPU
		{7CC4F124-BB8D-4845-A01E-F084E2253BA8}.Release|Any CPU.Build.0 = Release|Any CPU
		{05EE0836-037A-4C03-9CE4-29F4B62549CA}.Debug|Any CPU.ActiveCfg = Debug|Any CPU
		{05EE0836-037A-4C03-9CE4-29F4B62549CA}.Debug|Any CPU.Build.0 = Debug|Any CPU
		{05EE0836-037A-4C03-9CE4-29F4B62549CA}.Release|Any CPU.ActiveCfg = Release|Any CPU
		{05EE0836-037A-4C03-9CE4-29F4B62549CA}.Release|Any CPU.Build.0 = Release|Any CPU
	EndGlobalSection
	GlobalSection(SolutionProperties) = preSolution
		HideSolutionNode = FALSE
	EndGlobalSection
	GlobalSection(ExtensibilityGlobals) = postSolution
		SolutionGuid = {D8868822-0426-4E07-9DB4-3959A778C2E3}
	EndGlobalSection
EndGlobal
