
Microsoft Visual Studio Solution File, Format Version 12.00
# Visual Studio Version 17
VisualStudioVersion = 17.7.34024.191
MinimumVisualStudioVersion = 10.0.40219.1
Project("{FAE04EC0-301F-11D3-BF4B-00C04F79EFBC}") = "TheCharType", "TheCharType\TheCharType.csproj", "{B30251B6-1DEC-40F8-9BDB-242EBACA238D}"
EndProject
Global
	GlobalSection(SolutionConfigurationPlatforms) = preSolution
		Debug|Any CPU = Debug|Any CPU
		Release|Any CPU = Release|Any CPU
	EndGlobalSection
	GlobalSection(ProjectConfigurationPlatforms) = postSolution
		{B30251B6-1DEC-40F8-9BDB-242EBACA238D}.Debug|Any CPU.ActiveCfg = Debug|Any CPU
		{B30251B6-1DEC-40F8-9BDB-242EBACA238D}.Debug|Any CPU.Build.0 = Debug|Any CPU
		{B30251B6-1DEC-40F8-9BDB-242EBACA238D}.Release|Any CPU.ActiveCfg = Release|Any CPU
		{B30251B6-1DEC-40F8-9BDB-242EBACA238D}.Release|Any CPU.Build.0 = Release|Any CPU
	EndGlobalSection
	GlobalSection(SolutionProperties) = preSolution
		HideSolutionNode = FALSE
	EndGlobalSection
	GlobalSection(ExtensibilityGlobals) = postSolution
		SolutionGuid = {A471AB86-6D54-4CF5-8B60-4483731C3B1D}
	EndGlobalSection
EndGlobal
