
Microsoft Visual Studio Solution File, Format Version 12.00
# Visual Studio Version 17
VisualStudioVersion = 17.9.34728.123
MinimumVisualStudioVersion = 10.0.40219.1
Project("{FAE04EC0-301F-11D3-BF4B-00C04F79EFBC}") = "Client", "..\Client\Client.csproj", "{D20BFD44-A159-4E78-AF74-476B79B4FDE7}"
EndProject
Project("{FAE04EC0-301F-11D3-BF4B-00C04F79EFBC}") = "Server", "..\Server\Server.csproj", "{CC1F56F6-473F-47CF-AF29-18DFC57A03F4}"
EndProject
Global
	GlobalSection(SolutionConfigurationPlatforms) = preSolution
		Debug|Any CPU = Debug|Any CPU
		Release|Any CPU = Release|Any CPU
	EndGlobalSection
	GlobalSection(ProjectConfigurationPlatforms) = postSolution
		{D20BFD44-A159-4E78-AF74-476B79B4FDE7}.Debug|Any CPU.ActiveCfg = Debug|Any CPU
		{D20BFD44-A159-4E78-AF74-476B79B4FDE7}.Debug|Any CPU.Build.0 = Debug|Any CPU
		{D20BFD44-A159-4E78-AF74-476B79B4FDE7}.Release|Any CPU.ActiveCfg = Release|Any CPU
		{D20BFD44-A159-4E78-AF74-476B79B4FDE7}.Release|Any CPU.Build.0 = Release|Any CPU
		{CC1F56F6-473F-47CF-AF29-18DFC57A03F4}.Debug|Any CPU.ActiveCfg = Debug|Any CPU
		{CC1F56F6-473F-47CF-AF29-18DFC57A03F4}.Debug|Any CPU.Build.0 = Debug|Any CPU
		{CC1F56F6-473F-47CF-AF29-18DFC57A03F4}.Release|Any CPU.ActiveCfg = Release|Any CPU
		{CC1F56F6-473F-47CF-AF29-18DFC57A03F4}.Release|Any CPU.Build.0 = Release|Any CPU
	EndGlobalSection
	GlobalSection(SolutionProperties) = preSolution
		HideSolutionNode = FALSE
	EndGlobalSection
	GlobalSection(ExtensibilityGlobals) = postSolution
		SolutionGuid = {255A625D-5171-42C0-B3B6-03C1CBC1518E}
	EndGlobalSection
EndGlobal
