
Microsoft Visual Studio Solution File, Format Version 12.00
# Visual Studio Version 17
VisualStudioVersion = 17.8.34525.116
MinimumVisualStudioVersion = 10.0.40219.1
Project("{FAE04EC0-301F-11D3-BF4B-00C04F79EFBC}") = "Process01", "Process01\Process01.csproj", "{94B78150-E88A-4036-9498-F825F95B2713}"
EndProject
Global
	GlobalSection(SolutionConfigurationPlatforms) = preSolution
		Debug|Any CPU = Debug|Any CPU
		Release|Any CPU = Release|Any CPU
	EndGlobalSection
	GlobalSection(ProjectConfigurationPlatforms) = postSolution
		{94B78150-E88A-4036-9498-F825F95B2713}.Debug|Any CPU.ActiveCfg = Debug|Any CPU
		{94B78150-E88A-4036-9498-F825F95B2713}.Debug|Any CPU.Build.0 = Debug|Any CPU
		{94B78150-E88A-4036-9498-F825F95B2713}.Release|Any CPU.ActiveCfg = Release|Any CPU
		{94B78150-E88A-4036-9498-F825F95B2713}.Release|Any CPU.Build.0 = Release|Any CPU
	EndGlobalSection
	GlobalSection(SolutionProperties) = preSolution
		HideSolutionNode = FALSE
	EndGlobalSection
	GlobalSection(ExtensibilityGlobals) = postSolution
		SolutionGuid = {84AE3967-4927-45B1-8F95-9B75668991D2}
	EndGlobalSection
EndGlobal
