
Microsoft Visual Studio Solution File, Format Version 12.00
# Visual Studio Version 17
VisualStudioVersion = 17.9.34728.123
MinimumVisualStudioVersion = 10.0.40219.1
Project("{FAE04EC0-301F-11D3-BF4B-00C04F79EFBC}") = "Teknologi IsPrime Method", "Teknologi IsPrime Method.csproj", "{281A120A-BB71-40DF-8405-7EC1A74B30DC}"
EndProject
Global
	GlobalSection(SolutionConfigurationPlatforms) = preSolution
		Debug|Any CPU = Debug|Any CPU
		Release|Any CPU = Release|Any CPU
	EndGlobalSection
	GlobalSection(ProjectConfigurationPlatforms) = postSolution
		{281A120A-BB71-40DF-8405-7EC1A74B30DC}.Debug|Any CPU.ActiveCfg = Debug|Any CPU
		{281A120A-BB71-40DF-8405-7EC1A74B30DC}.Debug|Any CPU.Build.0 = Debug|Any CPU
		{281A120A-BB71-40DF-8405-7EC1A74B30DC}.Release|Any CPU.ActiveCfg = Release|Any CPU
		{281A120A-BB71-40DF-8405-7EC1A74B30DC}.Release|Any CPU.Build.0 = Release|Any CPU
	EndGlobalSection
	GlobalSection(SolutionProperties) = preSolution
		HideSolutionNode = FALSE
	EndGlobalSection
	GlobalSection(ExtensibilityGlobals) = postSolution
		SolutionGuid = {DD40C967-6295-4DAA-8EF7-6857A7E28D0F}
	EndGlobalSection
EndGlobal
