
Microsoft Visual Studio Solution File, Format Version 12.00
# Visual Studio Version 17
VisualStudioVersion = 17.9.34728.123
MinimumVisualStudioVersion = 10.0.40219.1
Project("{FAE04EC0-301F-11D3-BF4B-00C04F79EFBC}") = "BankWebApplication", "BankWebApplication\BankWebApplication.csproj", "{ACDFE432-2E2E-4465-9043-C6E00BA55303}"
EndProject
Global
	GlobalSection(SolutionConfigurationPlatforms) = preSolution
		Debug|Any CPU = Debug|Any CPU
		Release|Any CPU = Release|Any CPU
	EndGlobalSection
	GlobalSection(ProjectConfigurationPlatforms) = postSolution
		{ACDFE432-2E2E-4465-9043-C6E00BA55303}.Debug|Any CPU.ActiveCfg = Debug|Any CPU
		{ACDFE432-2E2E-4465-9043-C6E00BA55303}.Debug|Any CPU.Build.0 = Debug|Any CPU
		{ACDFE432-2E2E-4465-9043-C6E00BA55303}.Release|Any CPU.ActiveCfg = Release|Any CPU
		{ACDFE432-2E2E-4465-9043-C6E00BA55303}.Release|Any CPU.Build.0 = Release|Any CPU
	EndGlobalSection
	GlobalSection(SolutionProperties) = preSolution
		HideSolutionNode = FALSE
	EndGlobalSection
	GlobalSection(ExtensibilityGlobals) = postSolution
		SolutionGuid = {B3924CD5-3545-4648-920A-69B7C04E4CFA}
	EndGlobalSection
EndGlobal
