
Microsoft Visual Studio Solution File, Format Version 12.00
# Visual Studio Version 17
VisualStudioVersion = 17.7.34024.191
MinimumVisualStudioVersion = 10.0.40219.1
Project("{FAE04EC0-301F-11D3-BF4B-00C04F79EFBC}") = "NestedLoops", "NestedLoops\NestedLoops.csproj", "{82D191AA-865B-4E8C-9784-0A4B13313B74}"
EndProject
Global
	GlobalSection(SolutionConfigurationPlatforms) = preSolution
		Debug|Any CPU = Debug|Any CPU
		Release|Any CPU = Release|Any CPU
	EndGlobalSection
	GlobalSection(ProjectConfigurationPlatforms) = postSolution
		{82D191AA-865B-4E8C-9784-0A4B13313B74}.Debug|Any CPU.ActiveCfg = Debug|Any CPU
		{82D191AA-865B-4E8C-9784-0A4B13313B74}.Debug|Any CPU.Build.0 = Debug|Any CPU
		{82D191AA-865B-4E8C-9784-0A4B13313B74}.Release|Any CPU.ActiveCfg = Release|Any CPU
		{82D191AA-865B-4E8C-9784-0A4B13313B74}.Release|Any CPU.Build.0 = Release|Any CPU
	EndGlobalSection
	GlobalSection(SolutionProperties) = preSolution
		HideSolutionNode = FALSE
	EndGlobalSection
	GlobalSection(ExtensibilityGlobals) = postSolution
		SolutionGuid = {D99E31CC-6139-40F6-9D28-B9B8EA58A458}
	EndGlobalSection
EndGlobal
