
Microsoft Visual Studio Solution File, Format Version 12.00
# Visual Studio Version 17
VisualStudioVersion = 17.9.34728.123
MinimumVisualStudioVersion = 10.0.40219.1
Project("{FAE04EC0-301F-11D3-BF4B-00C04F79EFBC}") = "WebApp", "WebApp\WebApp.csproj", "{7205AFE9-690D-46EC-B04B-29CDC2844715}"
EndProject
Global
	GlobalSection(SolutionConfigurationPlatforms) = preSolution
		Debug|Any CPU = Debug|Any CPU
		Release|Any CPU = Release|Any CPU
	EndGlobalSection
	GlobalSection(ProjectConfigurationPlatforms) = postSolution
		{7205AFE9-690D-46EC-B04B-29CDC2844715}.Debug|Any CPU.ActiveCfg = Debug|Any CPU
		{7205AFE9-690D-46EC-B04B-29CDC2844715}.Debug|Any CPU.Build.0 = Debug|Any CPU
		{7205AFE9-690D-46EC-B04B-29CDC2844715}.Release|Any CPU.ActiveCfg = Release|Any CPU
		{7205AFE9-690D-46EC-B04B-29CDC2844715}.Release|Any CPU.Build.0 = Release|Any CPU
	EndGlobalSection
	GlobalSection(SolutionProperties) = preSolution
		HideSolutionNode = FALSE
	EndGlobalSection
	GlobalSection(ExtensibilityGlobals) = postSolution
		SolutionGuid = {B1D8AFA7-A969-4B51-8622-8B446EFA2221}
	EndGlobalSection
EndGlobal
