
Microsoft Visual Studio Solution File, Format Version 12.00
# Visual Studio Version 17
VisualStudioVersion = 17.9.34723.18
MinimumVisualStudioVersion = 10.0.40219.1
Project("{FAE04EC0-301F-11D3-BF4B-00C04F79EFBC}") = "MVVM", "MVVM\MVVM.csproj", "{633BEA95-7FBC-44DA-9301-C7AC071680E7}"
EndProject
Global
	GlobalSection(SolutionConfigurationPlatforms) = preSolution
		Debug|Any CPU = Debug|Any CPU
		Release|Any CPU = Release|Any CPU
	EndGlobalSection
	GlobalSection(ProjectConfigurationPlatforms) = postSolution
		{633BEA95-7FBC-44DA-9301-C7AC071680E7}.Debug|Any CPU.ActiveCfg = Debug|Any CPU
		{633BEA95-7FBC-44DA-9301-C7AC071680E7}.Debug|Any CPU.Build.0 = Debug|Any CPU
		{633BEA95-7FBC-44DA-9301-C7AC071680E7}.Release|Any CPU.ActiveCfg = Release|Any CPU
		{633BEA95-7FBC-44DA-9301-C7AC071680E7}.Release|Any CPU.Build.0 = Release|Any CPU
	EndGlobalSection
	GlobalSection(SolutionProperties) = preSolution
		HideSolutionNode = FALSE
	EndGlobalSection
	GlobalSection(ExtensibilityGlobals) = postSolution
		SolutionGuid = {7B0D90AA-69E6-4B36-9C58-7884A0AA6FC9}
	EndGlobalSection
EndGlobal
